
Microsoft Visual Studio Solution File, Format Version 12.00
# Visual Studio Version 17
VisualStudioVersion = 17.9.34728.123
MinimumVisualStudioVersion = 10.0.40219.1
Project("{FAE04EC0-301F-11D3-BF4B-00C04F79EFBC}") = "KolosMW", "KolosMW\KolosMW.csproj", "{D6EBA09D-BAE9-4FC1-98C4-774F5D6B3222}"
EndProject
Global
	GlobalSection(SolutionConfigurationPlatforms) = preSolution
		Debug|Any CPU = Debug|Any CPU
		Release|Any CPU = Release|Any CPU
	EndGlobalSection
	GlobalSection(ProjectConfigurationPlatforms) = postSolution
		{D6EBA09D-BAE9-4FC1-98C4-774F5D6B3222}.Debug|Any CPU.ActiveCfg = Debug|Any CPU
		{D6EBA09D-BAE9-4FC1-98C4-774F5D6B3222}.Debug|Any CPU.Build.0 = Debug|Any CPU
		{D6EBA09D-BAE9-4FC1-98C4-774F5D6B3222}.Release|Any CPU.ActiveCfg = Release|Any CPU
		{D6EBA09D-BAE9-4FC1-98C4-774F5D6B3222}.Release|Any CPU.Build.0 = Release|Any CPU
	EndGlobalSection
	GlobalSection(SolutionProperties) = preSolution
		HideSolutionNode = FALSE
	EndGlobalSection
	GlobalSection(ExtensibilityGlobals) = postSolution
		SolutionGuid = {4DA2AF3E-6837-4F2A-8E0D-3451CE149870}
	EndGlobalSection
EndGlobal
